{
  "name": "api_laravel_php_hello-world",
  "lockfileVersion": 3,
  "requires": true,
  "packages": {
    "": {
      "dependencies": {
        "@zxcvbn-ts/core": "^3.0.4",
        "@zxcvbn-ts/language-common": "^3.0.4",
        "@zxcvbn-ts/language-en": "^3.0.2"
      }
    },
    "node_modules/@zxcvbn-ts/core": {
      "version": "3.0.4",
      "resolved": "https://registry.npmjs.org/@zxcvbn-ts/core/-/core-3.0.4.tgz",
      "integrity": "sha512-aQeiT0F09FuJaAqNrxynlAwZ2mW/1MdXakKWNmGM1Qp/VaY6CnB/GfnMS2T8gB2231Esp1/maCWd8vTG4OuShw==",
      "dependencies": {
        "fastest-levenshtein": "1.0.16"
      }
    },
    "node_modules/@zxcvbn-ts/language-common": {
      "version": "3.0.4",
      "resolved": "https://registry.npmjs.org/@zxcvbn-ts/language-common/-/language-common-3.0.4.tgz",
      "integrity": "sha512-viSNNnRYtc7ULXzxrQIVUNwHAPSXRtoIwy/Tq4XQQdIknBzw4vz36lQLF6mvhMlTIlpjoN/Z1GFu/fwiAlUSsw=="
    },
    "node_modules/@zxcvbn-ts/language-en": {
      "version": "3.0.2",
      "resolved": "https://registry.npmjs.org/@zxcvbn-ts/language-en/-/language-en-3.0.2.tgz",
      "integrity": "sha512-Zp+zL+I6Un2Bj0tRXNs6VUBq3Djt+hwTwUz4dkt2qgsQz47U0/XthZ4ULrT/RxjwJRl5LwiaKOOZeOtmixHnjg=="
    },
    "node_modules/fastest-levenshtein": {
      "version": "1.0.16",
      "resolved": "https://registry.npmjs.org/fastest-levenshtein/-/fastest-levenshtein-1.0.16.tgz",
      "integrity": "sha512-eRnCtTTtGZFpQCwhJiUOuxPQWRXVKYDn0b2PeHfXL6/Zi53SLAzAHfVhVWK2AryC/WH05kGfxhFIPvTF0SXQzg==",
      "engines": {
        "node": ">= 4.9.1"
      }
    }
  }
}
